
Microsoft Visual Studio Solution File, Format Version 12.00
# Visual Studio Version 17
VisualStudioVersion = 17.4.33213.308
MinimumVisualStudioVersion = 10.0.40219.1
Project("{9A19103F-16F7-4668-BE54-9A1E7A4F7556}") = "IndexFund.Common.WebApi", "IndexFund.Common.WebApi\IndexFund.Common.WebApi.csproj", "{37573804-2A1A-4C1D-A42F-ED164F47CA5C}"
EndProject
Project("{9A19103F-16F7-4668-BE54-9A1E7A4F7556}") = "IndexFund.Common.Tests", "IndexFund.Common.Tests\IndexFund.Common.Tests.csproj", "{E8BC2150-0448-4C3D-96FB-10BE730FFA61}"
EndProject
Project("{2150E333-8FDC-42A3-9474-1A3956D46DE8}") = "Core", "Core", "{C5FEE56E-468A-4555-A8FC-408212F9C54B}"
EndProject
Project("{9A19103F-16F7-4668-BE54-9A1E7A4F7556}") = "IndexFund.Domain", "Core\IndexFund.Domain\IndexFund.Domain.csproj", "{32BD7B19-D59B-4ABD-BA95-A2A269338D98}"
EndProject
Project("{9A19103F-16F7-4668-BE54-9A1E7A4F7556}") = "IndexFund.Application", "IndexFund.Application\IndexFund.Application.csproj", "{7E8E3495-3B05-4F1A-88E7-9A514B170C42}"
EndProject
Project("{2150E333-8FDC-42A3-9474-1A3956D46DE8}") = "Infrastructure", "Infrastructure", "{8E8D9910-376B-4C55-97EF-871390639CC1}"
EndProject
Project("{9A19103F-16F7-4668-BE54-9A1E7A4F7556}") = "IndexFund.Infrastructure", "IndexFund.Infrastructure\IndexFund.Infrastructure.csproj", "{F469ACB0-8700-4DE7-8196-9F7D241FB8A0}"
EndProject
Project("{2150E333-8FDC-42A3-9474-1A3956D46DE8}") = "Tests", "Tests", "{22067481-8D35-494E-8583-C357407705A0}"
EndProject
Project("{9A19103F-16F7-4668-BE54-9A1E7A4F7556}") = "IndexFund.Persistence", "IndexFund.Persistence\IndexFund.Persistence.csproj", "{B4F3C455-3438-4B3A-A44E-E976DE5C1B39}"
EndProject
Project("{9A19103F-16F7-4668-BE54-9A1E7A4F7556}") = "IndexFund.Identity", "IndexFund.Identity\IndexFund.Identity.csproj", "{F4603DC4-5175-4408-A878-E81D5B4DC104}"
EndProject
Project("{2150E333-8FDC-42A3-9474-1A3956D46DE8}") = "UI", "UI", "{2CF7FC6D-9377-4A24-B8B4-C21D8CE50DF9}"
EndProject
Project("{2150E333-8FDC-42A3-9474-1A3956D46DE8}") = "API", "API", "{9AF506BB-C10B-4556-AF17-CE8B2AB1C38D}"
EndProject
Project("{9A19103F-16F7-4668-BE54-9A1E7A4F7556}") = "IndexFund.WebApi", "IndexFund.WebApi\IndexFund.WebApi.csproj", "{7C171368-A38F-40CA-B369-C26FB51FB503}"
EndProject
Project("{2150E333-8FDC-42A3-9474-1A3956D46DE8}") = "src", "src", "{24DA4558-60F1-457B-88C9-53F14CA557B2}"
EndProject
Global
	GlobalSection(SolutionConfigurationPlatforms) = preSolution
		Debug|Any CPU = Debug|Any CPU
		Release|Any CPU = Release|Any CPU
	EndGlobalSection
	GlobalSection(ProjectConfigurationPlatforms) = postSolution
		{37573804-2A1A-4C1D-A42F-ED164F47CA5C}.Debug|Any CPU.ActiveCfg = Debug|Any CPU
		{37573804-2A1A-4C1D-A42F-ED164F47CA5C}.Debug|Any CPU.Build.0 = Debug|Any CPU
		{37573804-2A1A-4C1D-A42F-ED164F47CA5C}.Release|Any CPU.ActiveCfg = Release|Any CPU
		{37573804-2A1A-4C1D-A42F-ED164F47CA5C}.Release|Any CPU.Build.0 = Release|Any CPU
		{E8BC2150-0448-4C3D-96FB-10BE730FFA61}.Debug|Any CPU.ActiveCfg = Debug|Any CPU
		{E8BC2150-0448-4C3D-96FB-10BE730FFA61}.Debug|Any CPU.Build.0 = Debug|Any CPU
		{E8BC2150-0448-4C3D-96FB-10BE730FFA61}.Release|Any CPU.ActiveCfg = Release|Any CPU
		{E8BC2150-0448-4C3D-96FB-10BE730FFA61}.Release|Any CPU.Build.0 = Release|Any CPU
		{32BD7B19-D59B-4ABD-BA95-A2A269338D98}.Debug|Any CPU.ActiveCfg = Debug|Any CPU
		{32BD7B19-D59B-4ABD-BA95-A2A269338D98}.Debug|Any CPU.Build.0 = Debug|Any CPU
		{32BD7B19-D59B-4ABD-BA95-A2A269338D98}.Release|Any CPU.ActiveCfg = Release|Any CPU
		{32BD7B19-D59B-4ABD-BA95-A2A269338D98}.Release|Any CPU.Build.0 = Release|Any CPU
		{7E8E3495-3B05-4F1A-88E7-9A514B170C42}.Debug|Any CPU.ActiveCfg = Debug|Any CPU
		{7E8E3495-3B05-4F1A-88E7-9A514B170C42}.Debug|Any CPU.Build.0 = Debug|Any CPU
		{7E8E3495-3B05-4F1A-88E7-9A514B170C42}.Release|Any CPU.ActiveCfg = Release|Any CPU
		{7E8E3495-3B05-4F1A-88E7-9A514B170C42}.Release|Any CPU.Build.0 = Release|Any CPU
		{F469ACB0-8700-4DE7-8196-9F7D241FB8A0}.Debug|Any CPU.ActiveCfg = Debug|Any CPU
		{F469ACB0-8700-4DE7-8196-9F7D241FB8A0}.Debug|Any CPU.Build.0 = Debug|Any CPU
		{F469ACB0-8700-4DE7-8196-9F7D241FB8A0}.Release|Any CPU.ActiveCfg = Release|Any CPU
		{F469ACB0-8700-4DE7-8196-9F7D241FB8A0}.Release|Any CPU.Build.0 = Release|Any CPU
		{B4F3C455-3438-4B3A-A44E-E976DE5C1B39}.Debug|Any CPU.ActiveCfg = Debug|Any CPU
		{B4F3C455-3438-4B3A-A44E-E976DE5C1B39}.Debug|Any CPU.Build.0 = Debug|Any CPU
		{B4F3C455-3438-4B3A-A44E-E976DE5C1B39}.Release|Any CPU.ActiveCfg = Release|Any CPU
		{B4F3C455-3438-4B3A-A44E-E976DE5C1B39}.Release|Any CPU.Build.0 = Release|Any CPU
		{F4603DC4-5175-4408-A878-E81D5B4DC104}.Debug|Any CPU.ActiveCfg = Debug|Any CPU
		{F4603DC4-5175-4408-A878-E81D5B4DC104}.Debug|Any CPU.Build.0 = Debug|Any CPU
		{F4603DC4-5175-4408-A878-E81D5B4DC104}.Release|Any CPU.ActiveCfg = Release|Any CPU
		{F4603DC4-5175-4408-A878-E81D5B4DC104}.Release|Any CPU.Build.0 = Release|Any CPU
		{7C171368-A38F-40CA-B369-C26FB51FB503}.Debug|Any CPU.ActiveCfg = Debug|Any CPU
		{7C171368-A38F-40CA-B369-C26FB51FB503}.Debug|Any CPU.Build.0 = Debug|Any CPU
		{7C171368-A38F-40CA-B369-C26FB51FB503}.Release|Any CPU.ActiveCfg = Release|Any CPU
		{7C171368-A38F-40CA-B369-C26FB51FB503}.Release|Any CPU.Build.0 = Release|Any CPU
	EndGlobalSection
	GlobalSection(SolutionProperties) = preSolution
		HideSolutionNode = FALSE
	EndGlobalSection
	GlobalSection(NestedProjects) = preSolution
		{E8BC2150-0448-4C3D-96FB-10BE730FFA61} = {22067481-8D35-494E-8583-C357407705A0}
		{C5FEE56E-468A-4555-A8FC-408212F9C54B} = {24DA4558-60F1-457B-88C9-53F14CA557B2}
		{32BD7B19-D59B-4ABD-BA95-A2A269338D98} = {C5FEE56E-468A-4555-A8FC-408212F9C54B}
		{7E8E3495-3B05-4F1A-88E7-9A514B170C42} = {C5FEE56E-468A-4555-A8FC-408212F9C54B}
		{8E8D9910-376B-4C55-97EF-871390639CC1} = {24DA4558-60F1-457B-88C9-53F14CA557B2}
		{F469ACB0-8700-4DE7-8196-9F7D241FB8A0} = {8E8D9910-376B-4C55-97EF-871390639CC1}
		{B4F3C455-3438-4B3A-A44E-E976DE5C1B39} = {8E8D9910-376B-4C55-97EF-871390639CC1}
		{F4603DC4-5175-4408-A878-E81D5B4DC104} = {8E8D9910-376B-4C55-97EF-871390639CC1}
		{9AF506BB-C10B-4556-AF17-CE8B2AB1C38D} = {24DA4558-60F1-457B-88C9-53F14CA557B2}
		{7C171368-A38F-40CA-B369-C26FB51FB503} = {9AF506BB-C10B-4556-AF17-CE8B2AB1C38D}
	EndGlobalSection
	GlobalSection(ExtensibilityGlobals) = postSolution
		SolutionGuid = {D00B20C7-D8A6-47CD-A5CB-06FA51B52B2D}
	EndGlobalSection
EndGlobal
